<?xml version="1.0" encoding="utf-8"?>
<Project ToolsVersion="4.0" xmlns="http://schemas.microsoft.com/developer/msbuild/2003">
  <ItemGroup>
    <Filter Include="Source Files">
      <UniqueIdentifier>{e4e47e05-194c-40b5-b5f4-f4e2a98622d4}</UniqueIdentifier>
      <Extensions>cpp;c;cxx;rc;def;r;odl;idl;hpj;bat</Extensions>
    </Filter>
    <Filter Include="Header Files">
      <UniqueIdentifier>{b4704100-b97a-452a-bc88-85bdfde5be16}</UniqueIdentifier>
      <Extensions>h;hpp;hxx;hm;inl</Extensions>
    </Filter>
    <Filter Include="Resource Files">
      <UniqueIdentifier>{c912988a-e8f8-4bc0-bebc-16b5bf570dc7}</UniqueIdentifier>
      <Extensions>ico;cur;bmp;dlg;rc2;rct;bin;rgs;gif;jpg;jpeg;jpe</Extensions>
    </Filter>
  </ItemGroup>
  <ItemGroup>
    <ClCompile Include="..\Dllcomment\Buffer.cpp">
      <Filter>Source Files</Filter>
    </ClCompile>
    <ClCompile Include="CaptureVideo.cpp">
      <Filter>Source Files</Filter>
    </ClCompile>
    <ClCompile Include="..\Dllcomment\ClientSocket.cpp">
      <Filter>Source Files</Filter>
    </ClCompile>
    <ClCompile Include="..\Dllcomment\Manager.cpp">
      <Filter>Source Files</Filter>
    </ClCompile>
    <ClCompile Include="..\Dllcomment\until.cpp">
      <Filter>Source Files</Filter>
    </ClCompile>
    <ClCompile Include="Video.cpp">
      <Filter>Source Files</Filter>
    </ClCompile>
    <ClCompile Include="VideoManager.cpp">
      <Filter>Source Files</Filter>
    </ClCompile>
    <ClCompile Include="XvidEnc.cpp">
      <Filter>Source Files</Filter>
    </ClCompile>
  </ItemGroup>
  <ItemGroup>
    <ClInclude Include="..\Dllcomment\Audio.h">
      <Filter>Header Files</Filter>
    </ClInclude>
    <ClInclude Include="..\Dllcomment\Buffer.h">
      <Filter>Header Files</Filter>
    </ClInclude>
    <ClInclude Include="CaptureVideo.h">
      <Filter>Header Files</Filter>
    </ClInclude>
    <ClInclude Include="VideoCap.h">
      <Filter>Header Files</Filter>
    </ClInclude>
    <ClInclude Include="VideoCodec.h">
      <Filter>Header Files</Filter>
    </ClInclude>
    <ClInclude Include="VideoManager.h">
      <Filter>Header Files</Filter>
    </ClInclude>
    <ClInclude Include="xvid.h">
      <Filter>Header Files</Filter>
    </ClInclude>
    <ClInclude Include="XvidEnc.h">
      <Filter>Header Files</Filter>
    </ClInclude>
    <ClInclude Include="..\Dllcomment\zconf.h">
      <Filter>Header Files</Filter>
    </ClInclude>
    <ClInclude Include="..\Dllcomment\zlib.h">
      <Filter>Header Files</Filter>
    </ClInclude>
    <ClInclude Include="pcl.h">
      <Filter>Header Files</Filter>
    </ClInclude>
  </ItemGroup>
  <ItemGroup>
    <Text Include="ReadMe.txt" />
  </ItemGroup>
</Project>